// !$*UTF8*$!
{
	archiveVersion = 1;
	classes = {
	};
	objectVersion = 50;
	objects = {

/* Begin PBXBuildFile section */
		DE43B6D320BF1ED200D72702 /* AppDelegate.swift in Sources */ = {isa = PBXBuildFile; fileRef = DE43B6D220BF1ED200D72702 /* AppDelegate.swift */; };
		DE43B6D520BF1ED200D72702 /* ViewController.swift in Sources */ = {isa = PBXBuildFile; fileRef = DE43B6D420BF1ED200D72702 /* ViewController.swift */; };
		DE43B6D820BF1ED200D72702 /* Main.storyboard in Resources */ = {isa = PBXBuildFile; fileRef = DE43B6D620BF1ED200D72702 /* Main.storyboard */; };
		DE43B6DA20BF1ED400D72702 /* Assets.xcassets in Resources */ = {isa = PBXBuildFile; fileRef = DE43B6D920BF1ED400D72702 /* Assets.xcassets */; };
		DE43B6DD20BF1ED400D72702 /* LaunchScreen.storyboard in Resources */ = {isa = PBXBuildFile; fileRef = DE43B6DB20BF1ED400D72702 /* LaunchScreen.storyboard */; };
		DE7F2C5A20CD92C50054F3CF /* Inceptionv3.mlmodel in Sources */ = {isa = PBXBuildFile; fileRef = DE7F2C5920CD92C50054F3CF /* Inceptionv3.mlmodel */; };
/* End PBXBuildFile section */

/* Begin PBXFileReference section */
		DE43B6CF20BF1ED200D72702 /* Recognize.app */ = {isa = PBXFileReference; explicitFileType = wrapper.application; includeInIndex = 0; path = Recognize.app; sourceTree = BUILT_PRODUCTS_DIR; };
		DE43B6D220BF1ED200D72702 /* AppDelegate.swift */ = {isa = PBXFileReference; lastKnownFileType = sourcecode.swift; path = AppDelegate.swift; sourceTree = "<group>"; };
		DE43B6D420BF1ED200D72702 /* ViewController.swift */ = {isa = PBXFileReference; lastKnownFileType = sourcecode.swift; path = ViewController.swift; sourceTree = "<group>"; };
		DE43B6D720BF1ED200D72702 /* Base */ = {isa = PBXFileReference; lastKnownFileType = file.storyboard; name = Base; path = Base.lproj/Main.storyboard; sourceTree = "<group>"; };
		DE43B6D920BF1ED400D72702 /* Assets.xcassets */ = {isa = PBXFileReference; lastKnownFileType = folder.assetcatalog; path = Assets.xcassets; sourceTree = "<group>"; };
		DE43B6DC20BF1ED400D72702 /* Base */ = {isa = PBXFileReference; lastKnownFileType = file.storyboard; name = Base; path = Base.lproj/LaunchScreen.storyboard; sourceTree = "<group>"; };
		DE43B6DE20BF1ED400D72702 /* Info.plist */ = {isa = PBXFileReference; lastKnownFileType = text.plist.xml; path = Info.plist; sourceTree = "<group>"; };
		DE7F2C5920CD92C50054F3CF /* Inceptionv3.mlmodel */ = {isa = PBXFileReference; lastKnownFileType = file.mlmodel; path = Inceptionv3.mlmodel; sourceTree = "<group>"; };
/* End PBXFileReference section */

/* Begin PBXFrameworksBuildPhase section */
		DE43B6CC20BF1ED200D72702 /* Frameworks */ = {
			isa = PBXFrameworksBuildPhase;
			buildActionMask = 2147483647;
			files = (
			);
			runOnlyForDeploymentPostprocessing = 0;
		};
/* End PBXFrameworksBuildPhase section */

/* Begin PBXGroup section */
		DE43B6C620BF1ED200D72702 = {
			isa = PBXGroup;
			children = (
				DE43B6D120BF1ED200D72702 /* Recognize */,
				DE43B6D020BF1ED200D72702 /* Products */,
			);
			sourceTree = "<group>";
		};
		DE43B6D020BF1ED200D72702 /* Products */ = {
			isa = PBXGroup;
			children = (
				DE43B6CF20BF1ED200D72702 /* Recognize.app */,
			);
			name = Products;
			sourceTree = "<group>";
		};
		DE43B6D120BF1ED200D72702 /* Recognize */ = {
			isa = PBXGroup;
			children = (
				DE43B6D220BF1ED200D72702 /* AppDelegate.swift */,
				DE43B6D420BF1ED200D72702 /* ViewController.swift */,
				DE43B6D620BF1ED200D72702 /* Main.storyboard */,
				DE43B6D920BF1ED400D72702 /* Assets.xcassets */,
				DE43B6DB20BF1ED400D72702 /* LaunchScreen.storyboard */,
				DE7F2C5920CD92C50054F3CF /* Inceptionv3.mlmodel */,
				DE43B6DE20BF1ED400D72702 /* Info.plist */,
			);
			path = Recognize;
			sourceTree = "<group>";
		};
/* End PBXGroup section */

/* Begin PBXNativeTarget section */
		DE43B6CE20BF1ED200D72702 /* Recognize */ = {
			isa = PBXNativeTarget;
			buildConfigurationList = DE43B6E120BF1ED400D72702 /* Build configuration list for PBXNativeTarget "Recognize" */;
			buildPhases = (
				DE43B6CB20BF1ED200D72702 /* Sources */,
				DE43B6CC20BF1ED200D72702 /* Frameworks */,
				DE43B6CD20BF1ED200D72702 /* Resources */,
			);
			buildRules = (
			);
			dependencies = (
			);
			name = Recognize;
			productName = Recognize;
			productReference = DE43B6CF20BF1ED200D72702 /* Recognize.app */;
			productType = "com.apple.product-type.application";
		};
/* End PBXNativeTarget section */

/* Begin PBXProject section */
		DE43B6C720BF1ED200D72702 /* Project object */ = {
			isa = PBXProject;
			attributes = {
				LastSwiftUpdateCheck = 0940;
				LastUpgradeCheck = 0940;
				ORGANIZATIONNAME = "Hugo Silva";
				TargetAttributes = {
					DE43B6CE20BF1ED200D72702 = {
						CreatedOnToolsVersion = 9.4;
					};
				};
			};
			buildConfigurationList = DE43B6CA20BF1ED200D72702 /* Build configuration list for PBXProject "Recognize" */;
			compatibilityVersion = "Xcode 9.3";
			developmentRegion = en;
			hasScannedForEncodings = 0;
			knownRegions = (
				en,
				Base,
			);
			mainGroup = DE43B6C620BF1ED200D72702;
			productRefGroup = DE43B6D020BF1ED200D72702 /* Products */;
			projectDirPath = "";
			projectRoot = "";
			targets = (
				DE43B6CE20BF1ED200D72702 /* Recognize */,
			);
		};
/* End PBXProject section */

/* Begin PBXResourcesBuildPhase section */
		DE43B6CD20BF1ED200D72702 /* Resources */ = {
			isa = PBXResourcesBuildPhase;
			buildActionMask = 2147483647;
			files = (
				DE43B6DD20BF1ED400D72702 /* LaunchScreen.storyboard in Resources */,
				DE43B6DA20BF1ED400D72702 /* Assets.xcassets in Resources */,
				DE43B6D820BF1ED200D72702 /* Main.storyboard in Resources */,
			);
			runOnlyForDeploymentPostprocessing = 0;
		};
/* End PBXResourcesBuildPhase section */

/* Begin PBXSourcesBuildPhase section */
		DE43B6CB20BF1ED200D72702 /* Sources */ = {
			isa = PBXSourcesBuildPhase;
			buildActionMask = 2147483647;
			files = (
				DE43B6D520BF1ED200D72702 /* ViewController.swift in Sources */,
				DE7F2C5A20CD92C50054F3CF /* Inceptionv3.mlmodel in Sources */,
				DE43B6D320BF1ED200D72702 /* AppDelegate.swift in Sources */,
			);
			runOnlyForDeploymentPostprocessing = 0;
		};
/* End PBXSourcesBuildPhase section */

/* Begin PBXVariantGroup section */
		DE43B6D620BF1ED200D72702 /* Main.storyboard */ = {
			isa = PBXVariantGroup;
			children = (
				DE43B6D720BF1ED200D72702 /* Base */,
			);
			name = Main.storyboard;
			sourceTree = "<group>";
		};
		DE43B6DB20BF1ED400D72702 /* LaunchScreen.storyboard */ = {
			isa = PBXVariantGroup;
			children = (
				DE43B6DC20BF1ED400D72702 /* Base */,
			);
			name = LaunchScreen.storyboard;
			sourceTree = "<group>";
		};
/* End PBXVariantGroup section */

/* Begin XCBuildConfiguration section */
		DE43B6DF20BF1ED400D72702 /* Debug */ = {
			isa = XCBuildConfiguration;
			buildSettings = {
				ALWAYS_SEARCH_USER_PATHS = NO;
				CLANG_ANALYZER_NONNULL = YES;
				CLANG_ANALYZER_NUMBER_OBJECT_CONVERSION = YES_AGGRESSIVE;
				CLANG_CXX_LANGUAGE_STANDARD = "gnu++14";
				CLANG_CXX_LIBRARY = "libc++";
				CLANG_ENABLE_MODULES = YES;
				CLANG_ENABLE_OBJC_ARC = YES;
				CLANG_ENABLE_OBJC_WEAK = YES;
				CLANG_WARN_BLOCK_CAPTURE_AUTORELEASING = YES;
				CLANG_WARN_BOOL_CONVERSION = YES;
				CLANG_WARN_COMMA = YES;
				CLANG_WARN_CONSTANT_CONVERSION = YES;
				CLANG_WARN_DEPRECATED_OBJC_IMPLEMENTATIONS = YES;
				CLANG_WARN_DIRECT_OBJC_ISA_USAGE = YES_ERROR;
				CLANG_WARN_DOCUMENTATION_COMMENTS = YES;
				CLANG_WARN_EMPTY_BODY = YES;
				CLANG_WARN_ENUM_CONVERSION = YES;
				CLANG_WARN_INFINITE_RECURSION = YES;
				CLANG_WARN_INT_CONVERSION = YES;
				CLANG_WARN_NON_LITERAL_NULL_CONVERSION = YES;
				CLANG_WARN_OBJC_IMPLICIT_RETAIN_SELF = YES;
				CLANG_WARN_OBJC_LITERAL_CONVERSION = YES;
				CLANG_WARN_OBJC_ROOT_CLASS = YES_ERROR;
				CLANG_WARN_RANGE_LOOP_ANALYSIS = YES;
				CLANG_WARN_STRICT_PROTOTYPES = YES;
				CLANG_WARN_SUSPICIOUS_MOVE = YES;
				CLANG_WARN_UNGUARDED_AVAILABILITY = YES_AGGRESSIVE;
				CLANG_WARN_UNREACHABLE_CODE = YES;
				CLANG_WARN__DUPLICATE_METHOD_MATCH = YES;
				CODE_SIGN_IDENTITY = "iPhone Developer";
				COPY_PHASE_STRIP = NO;
				DEBUG_INFORMATION_FORMAT = dwarf;
				ENABLE_STRICT_OBJC_MSGSEND = YES;
				ENABLE_TESTABILITY = YES;
				GCC_C_LANGUAGE_STANDARD = gnu11;
				GCC_DYNAMIC_NO_PIC = NO;
				GCC_NO_COMMON_BLOCKS = YES;
				GCC_OPTIMIZATION_LEVEL = 0;
				GCC_PREPROCESSOR_DEFINITIONS = (
					"DEBUG=1",
					"$(inherited)",
				);
				GCC_WARN_64_TO_32_BIT_CONVERSION = YES;
				GCC_WARN_ABOUT_RETURN_TYPE = YES_ERROR;
				GCC_WARN_UNDECLARED_SELECTOR = YES;
				GCC_WARN_UNINITIALIZED_AUTOS = YES_AGGRESSIVE;
				GCC_WARN_UNUSED_FUNCTION = YES;
				GCC_WARN_UNUSED_VARIABLE = YES;
				IPHONEOS_DEPLOYMENT_TARGET = 11.4;
				MTL_ENABLE_DEBUG_INFO = YES;
				ONLY_ACTIVE_ARCH = YES;
				SDKROOT = iphoneos;
				SWIFT_ACTIVE_COMPILATION_CONDITIONS = DEBUG;
				SWIFT_OPTIMIZATION_LEVEL = "-Onone";
			};
			name = Debug;
		};
		DE43B6E020BF1ED400D72702 /* Release */ = {
			isa = XCBuildConfiguration;
			buildSettings = {
				ALWAYS_SEARCH_USER_PATHS = NO;
				CLANG_ANALYZER_NONNULL = YES;
				CLANG_ANALYZER_NUMBER_OBJECT_CONVERSION = YES_AGGRESSIVE;
				CLANG_CXX_LANGUAGE_STANDARD = "gnu++14";
				CLANG_CXX_LIBRARY = "libc++";
				CLANG_ENABLE_MODULES = YES;
				CLANG_ENABLE_OBJC_ARC = YES;
				CLANG_ENABLE_OBJC_WEAK = YES;
				CLANG_WARN_BLOCK_CAPTURE_AUTORELEASING = YES;
				CLANG_WARN_BOOL_CONVERSION = YES;
				CLANG_WARN_COMMA = YES;
				CLANG_WARN_CONSTANT_CONVERSION = YES;
				CLANG_WARN_DEPRECATED_OBJC_IMPLEMENTATIONS = YES;
				CLANG_WARN_DIRECT_OBJC_ISA_USAGE = YES_ERROR;
				CLANG_WARN_DOCUMENTATION_COMMENTS = YES;
				CLANG_WARN_EMPTY_BODY = YES;
				CLANG_WARN_ENUM_CONVERSION = YES;
				CLANG_WARN_INFINITE_RECURSION = YES;
				CLANG_WARN_INT_CONVERSION = YES;
				CLANG_WARN_NON_LITERAL_NULL_CONVERSION = YES;
				CLANG_WARN_OBJC_IMPLICIT_RETAIN_SELF = YES;
				CLANG_WARN_OBJC_LITERAL_CONVERSION = YES;
				CLANG_WARN_OBJC_ROOT_CLASS = YES_ERROR;
				CLANG_WARN_RANGE_LOOP_ANALYSIS = YES;
				CLANG_WARN_STRICT_PROTOTYPES = YES;
				CLANG_WARN_SUSPICIOUS_MOVE = YES;
				CLANG_WARN_UNGUARDED_AVAILABILITY = YES_AGGRESSIVE;
				CLANG_WARN_UNREACHABLE_CODE = YES;
				CLANG_WARN__DUPLICATE_METHOD_MATCH = YES;
				CODE_SIGN_IDENTITY = "iPhone Developer";
				COPY_PHASE_STRIP = NO;
				DEBUG_INFORMATION_FORMAT = "dwarf-with-dsym";
				ENABLE_NS_ASSERTIONS = NO;
				ENABLE_STRICT_OBJC_MSGSEND = YES;
				GCC_C_LANGUAGE_STANDARD = gnu11;
				GCC_NO_COMMON_BLOCKS = YES;
				GCC_WARN_64_TO_32_BIT_CONVERSION = YES;
				GCC_WARN_ABOUT_RETURN_TYPE = YES_ERROR;
				GCC_WARN_UNDECLARED_SELECTOR = YES;
				GCC_WARN_UNINITIALIZED_AUTOS = YES_AGGRESSIVE;
				GCC_WARN_UNUSED_FUNCTION = YES;
				GCC_WARN_UNUSED_VARIABLE = YES;
				IPHONEOS_DEPLOYMENT_TARGET = 11.4;
				MTL_ENABLE_DEBUG_INFO = NO;
				SDKROOT = iphoneos;
				SWIFT_COMPILATION_MODE = wholemodule;
				SWIFT_OPTIMIZATION_LEVEL = "-O";
				VALIDATE_PRODUCT = YES;
			};
			name = Release;
		};
		DE43B6E220BF1ED400D72702 /* Debug */ = {
			isa = XCBuildConfiguration;
			buildSettings = {
				ASSETCATALOG_COMPILER_APPICON_NAME = AppIcon;
				CODE_SIGN_STYLE = Automatic;
				DEVELOPMENT_TEAM = P7T2Q39HSS;
				INFOPLIST_FILE = Recognize/Info.plist;
				LD_RUNPATH_SEARCH_PATHS = (
					"$(inherited)",
					"@executable_path/Frameworks",
				);
				PRODUCT_BUNDLE_IDENTIFIER = com.HugoSilva.Recognize;
				PRODUCT_NAME = "$(TARGET_NAME)";
				SWIFT_VERSION = 4.0;
				TARGETED_DEVICE_FAMILY = "1,2";
			};
			name = Debug;
		};
		DE43B6E320BF1ED400D72702 /* Release */ = {
			isa = XCBuildConfiguration;
			buildSettings = {
				ASSETCATALOG_COMPILER_APPICON_NAME = AppIcon;
				CODE_SIGN_STYLE = Automatic;
				DEVELOPMENT_TEAM = P7T2Q39HSS;
				INFOPLIST_FILE = Recognize/Info.plist;
				LD_RUNPATH_SEARCH_PATHS = (
					"$(inherited)",
					"@executable_path/Frameworks",
				);
				PRODUCT_BUNDLE_IDENTIFIER = com.HugoSilva.Recognize;
				PRODUCT_NAME = "$(TARGET_NAME)";
				SWIFT_VERSION = 4.0;
				TARGETED_DEVICE_FAMILY = "1,2";
			};
			name = Release;
		};
/* End XCBuildConfiguration section */

/* Begin XCConfigurationList section */
		DE43B6CA20BF1ED200D72702 /* Build configuration list for PBXProject "Recognize" */ = {
			isa = XCConfigurationList;
			buildConfigurations = (
				DE43B6DF20BF1ED400D72702 /* Debug */,
				DE43B6E020BF1ED400D72702 /* Release */,
			);
			defaultConfigurationIsVisible = 0;
			defaultConfigurationName = Release;
		};
		DE43B6E120BF1ED400D72702 /* Build configuration list for PBXNativeTarget "Recognize" */ = {
			isa = XCConfigurationList;
			buildConfigurations = (
				DE43B6E220BF1ED400D72702 /* Debug */,
				DE43B6E320BF1ED400D72702 /* Release */,
			);
			defaultConfigurationIsVisible = 0;
			defaultConfigurationName = Release;
		};
/* End XCConfigurationList section */
	};
	rootObject = DE43B6C720BF1ED200D72702 /* Project object */;
}
